
Microsoft Visual Studio Solution File, Format Version 12.00
# Visual Studio Version 16
VisualStudioVersion = 16.0.31613.86
MinimumVisualStudioVersion = 10.0.40219.1
Project("{FAE04EC0-301F-11D3-BF4B-00C04F79EFBC}") = "backend", "backend.csproj", "{0F1591E9-B0E7-4E57-A264-78E1EEFC663A}"
EndProject
Global
	GlobalSection(SolutionConfigurationPlatforms) = preSolution
		Debug|Any CPU = Debug|Any CPU
		Release|Any CPU = Release|Any CPU
	EndGlobalSection
	GlobalSection(ProjectConfigurationPlatforms) = postSolution
		{0F1591E9-B0E7-4E57-A264-78E1EEFC663A}.Debug|Any CPU.ActiveCfg = Debug|Any CPU
		{0F1591E9-B0E7-4E57-A264-78E1EEFC663A}.Debug|Any CPU.Build.0 = Debug|Any CPU
		{0F1591E9-B0E7-4E57-A264-78E1EEFC663A}.Release|Any CPU.ActiveCfg = Release|Any CPU
		{0F1591E9-B0E7-4E57-A264-78E1EEFC663A}.Release|Any CPU.Build.0 = Release|Any CPU
	EndGlobalSection
	GlobalSection(SolutionProperties) = preSolution
		HideSolutionNode = FALSE
	EndGlobalSection
	GlobalSection(ExtensibilityGlobals) = postSolution
		SolutionGuid = {AF04B61D-3433-4BCB-80D8-DF8A261DED56}
	EndGlobalSection
EndGlobal
